
Microsoft Visual Studio Solution File, Format Version 12.00
# Visual Studio Version 16
VisualStudioVersion = 16.0.31112.23
MinimumVisualStudioVersion = 10.0.40219.1
Project("{FAE04EC0-301F-11D3-BF4B-00C04F79EFBC}") = "Receptury.Module", "Receptury.Module\Receptury.Module.csproj", "{B812B8C5-CD0A-4AD2-A2CA-0E687E510C2C}"
EndProject
Project("{FAE04EC0-301F-11D3-BF4B-00C04F79EFBC}") = "Receptury.Module.Win", "Receptury.Module.Win\Receptury.Module.Win.csproj", "{0408C154-9219-4AF8-B729-BD30261F117B}"
EndProject
Project("{FAE04EC0-301F-11D3-BF4B-00C04F79EFBC}") = "Receptury.Win", "Receptury.Win\Receptury.Win.csproj", "{A7FCF920-3085-47DF-8962-126D68CEFF5B}"
EndProject
Project("{FAE04EC0-301F-11D3-BF4B-00C04F79EFBC}") = "RaksClassGenerator", "RaksClassGenerator\RaksClassGenerator.csproj", "{54AA976B-FF7A-4C65-9F24-F31A2DEFCC82}"
EndProject
Project("{FAE04EC0-301F-11D3-BF4B-00C04F79EFBC}") = "TestEksportFaktury", "TestEksportFaktury\TestEksportFaktury.csproj", "{4931B038-4159-4479-8B93-D5D8144C81EC}"
EndProject
Project("{FAE04EC0-301F-11D3-BF4B-00C04F79EFBC}") = "CommonLibs", "CommonLibs\CommonLibs.csproj", "{095CE671-08A1-4141-BA50-CF55593C27F2}"
EndProject
Project("{FAE04EC0-301F-11D3-BF4B-00C04F79EFBC}") = "JK.XAF.Module", "JK.XAF.Module\JK.XAF.Module.csproj", "{BD273264-8C74-4FB9-B3C5-95D5DBE51C91}"
EndProject
Project("{FAE04EC0-301F-11D3-BF4B-00C04F79EFBC}") = "JK.XAF.Module.Win", "JK.XAF.Module.Win\JK.XAF.Module.Win.csproj", "{D9245755-568F-463E-92F4-2DE6C5A1771C}"
EndProject
Global
	GlobalSection(SolutionConfigurationPlatforms) = preSolution
		Debug|Any CPU = Debug|Any CPU
		EasyTest|Any CPU = EasyTest|Any CPU
		Release|Any CPU = Release|Any CPU
	EndGlobalSection
	GlobalSection(ProjectConfigurationPlatforms) = postSolution
		{B812B8C5-CD0A-4AD2-A2CA-0E687E510C2C}.Debug|Any CPU.ActiveCfg = Debug|Any CPU
		{B812B8C5-CD0A-4AD2-A2CA-0E687E510C2C}.Debug|Any CPU.Build.0 = Debug|Any CPU
		{B812B8C5-CD0A-4AD2-A2CA-0E687E510C2C}.EasyTest|Any CPU.ActiveCfg = EasyTest|Any CPU
		{B812B8C5-CD0A-4AD2-A2CA-0E687E510C2C}.EasyTest|Any CPU.Build.0 = EasyTest|Any CPU
		{B812B8C5-CD0A-4AD2-A2CA-0E687E510C2C}.Release|Any CPU.ActiveCfg = Release|Any CPU
		{B812B8C5-CD0A-4AD2-A2CA-0E687E510C2C}.Release|Any CPU.Build.0 = Release|Any CPU
		{0408C154-9219-4AF8-B729-BD30261F117B}.Debug|Any CPU.ActiveCfg = Debug|Any CPU
		{0408C154-9219-4AF8-B729-BD30261F117B}.Debug|Any CPU.Build.0 = Debug|Any CPU
		{0408C154-9219-4AF8-B729-BD30261F117B}.EasyTest|Any CPU.ActiveCfg = EasyTest|Any CPU
		{0408C154-9219-4AF8-B729-BD30261F117B}.EasyTest|Any CPU.Build.0 = EasyTest|Any CPU
		{0408C154-9219-4AF8-B729-BD30261F117B}.Release|Any CPU.ActiveCfg = Release|Any CPU
		{0408C154-9219-4AF8-B729-BD30261F117B}.Release|Any CPU.Build.0 = Release|Any CPU
		{A7FCF920-3085-47DF-8962-126D68CEFF5B}.Debug|Any CPU.ActiveCfg = Debug|Any CPU
		{A7FCF920-3085-47DF-8962-126D68CEFF5B}.Debug|Any CPU.Build.0 = Debug|Any CPU
		{A7FCF920-3085-47DF-8962-126D68CEFF5B}.EasyTest|Any CPU.ActiveCfg = EasyTest|Any CPU
		{A7FCF920-3085-47DF-8962-126D68CEFF5B}.EasyTest|Any CPU.Build.0 = EasyTest|Any CPU
		{A7FCF920-3085-47DF-8962-126D68CEFF5B}.Release|Any CPU.ActiveCfg = Release|Any CPU
		{A7FCF920-3085-47DF-8962-126D68CEFF5B}.Release|Any CPU.Build.0 = Release|Any CPU
		{54AA976B-FF7A-4C65-9F24-F31A2DEFCC82}.Debug|Any CPU.ActiveCfg = Debug|Any CPU
		{54AA976B-FF7A-4C65-9F24-F31A2DEFCC82}.Debug|Any CPU.Build.0 = Debug|Any CPU
		{54AA976B-FF7A-4C65-9F24-F31A2DEFCC82}.EasyTest|Any CPU.ActiveCfg = Debug|Any CPU
		{54AA976B-FF7A-4C65-9F24-F31A2DEFCC82}.EasyTest|Any CPU.Build.0 = Debug|Any CPU
		{54AA976B-FF7A-4C65-9F24-F31A2DEFCC82}.Release|Any CPU.ActiveCfg = Release|Any CPU
		{54AA976B-FF7A-4C65-9F24-F31A2DEFCC82}.Release|Any CPU.Build.0 = Release|Any CPU
		{4931B038-4159-4479-8B93-D5D8144C81EC}.Debug|Any CPU.ActiveCfg = Debug|Any CPU
		{4931B038-4159-4479-8B93-D5D8144C81EC}.Debug|Any CPU.Build.0 = Debug|Any CPU
		{4931B038-4159-4479-8B93-D5D8144C81EC}.EasyTest|Any CPU.ActiveCfg = Debug|Any CPU
		{4931B038-4159-4479-8B93-D5D8144C81EC}.EasyTest|Any CPU.Build.0 = Debug|Any CPU
		{4931B038-4159-4479-8B93-D5D8144C81EC}.Release|Any CPU.ActiveCfg = Release|Any CPU
		{4931B038-4159-4479-8B93-D5D8144C81EC}.Release|Any CPU.Build.0 = Release|Any CPU
		{095CE671-08A1-4141-BA50-CF55593C27F2}.Debug|Any CPU.ActiveCfg = Debug|Any CPU
		{095CE671-08A1-4141-BA50-CF55593C27F2}.Debug|Any CPU.Build.0 = Debug|Any CPU
		{095CE671-08A1-4141-BA50-CF55593C27F2}.EasyTest|Any CPU.ActiveCfg = Debug|Any CPU
		{095CE671-08A1-4141-BA50-CF55593C27F2}.EasyTest|Any CPU.Build.0 = Debug|Any CPU
		{095CE671-08A1-4141-BA50-CF55593C27F2}.Release|Any CPU.ActiveCfg = Release|Any CPU
		{095CE671-08A1-4141-BA50-CF55593C27F2}.Release|Any CPU.Build.0 = Release|Any CPU
		{BD273264-8C74-4FB9-B3C5-95D5DBE51C91}.Debug|Any CPU.ActiveCfg = Debug|Any CPU
		{BD273264-8C74-4FB9-B3C5-95D5DBE51C91}.Debug|Any CPU.Build.0 = Debug|Any CPU
		{BD273264-8C74-4FB9-B3C5-95D5DBE51C91}.EasyTest|Any CPU.ActiveCfg = EasyTest|Any CPU
		{BD273264-8C74-4FB9-B3C5-95D5DBE51C91}.EasyTest|Any CPU.Build.0 = EasyTest|Any CPU
		{BD273264-8C74-4FB9-B3C5-95D5DBE51C91}.Release|Any CPU.ActiveCfg = Release|Any CPU
		{BD273264-8C74-4FB9-B3C5-95D5DBE51C91}.Release|Any CPU.Build.0 = Release|Any CPU
		{D9245755-568F-463E-92F4-2DE6C5A1771C}.Debug|Any CPU.ActiveCfg = Debug|Any CPU
		{D9245755-568F-463E-92F4-2DE6C5A1771C}.Debug|Any CPU.Build.0 = Debug|Any CPU
		{D9245755-568F-463E-92F4-2DE6C5A1771C}.EasyTest|Any CPU.ActiveCfg = EasyTest|Any CPU
		{D9245755-568F-463E-92F4-2DE6C5A1771C}.EasyTest|Any CPU.Build.0 = EasyTest|Any CPU
		{D9245755-568F-463E-92F4-2DE6C5A1771C}.Release|Any CPU.ActiveCfg = Release|Any CPU
		{D9245755-568F-463E-92F4-2DE6C5A1771C}.Release|Any CPU.Build.0 = Release|Any CPU
	EndGlobalSection
	GlobalSection(SolutionProperties) = preSolution
		HideSolutionNode = FALSE
	EndGlobalSection
	GlobalSection(ExtensibilityGlobals) = postSolution
		SolutionGuid = {40643673-8059-4F3D-86C6-2561CA0CBF1F}
	EndGlobalSection
EndGlobal
